
Microsoft Visual Studio Solution File, Format Version 12.00
# Visual Studio Version 16
VisualStudioVersion = 16.0.30330.147
MinimumVisualStudioVersion = 10.0.40219.1
Project("{FAE04EC0-301F-11D3-BF4B-00C04F79EFBC}") = "HeartRateChallenge", "HeartRateChallenge\HeartRateChallenge.csproj", "{86E6934F-0690-4259-BCC9-BAAEA9FC6D44}"
EndProject
Project("{FAE04EC0-301F-11D3-BF4B-00C04F79EFBC}") = "ManualCalculator", "ManualCalculator\ManualCalculator.csproj", "{AF66E34E-5378-4A80-90D1-CF1F841C9CEC}"
EndProject
Project("{9A19103F-16F7-4668-BE54-9A1E7A4F7556}") = "EndToEnd", "EndToEnd\EndToEnd.csproj", "{72BDCE5E-32D6-49F0-8F3D-15DADB3A368B}"
EndProject
Project("{FAE04EC0-301F-11D3-BF4B-00C04F79EFBC}") = "HRCBlazor", "HRCBlazor\HRCBlazor.csproj", "{4EF1CCE4-AD30-4D7A-B9C6-0E917905AE50}"
EndProject
Global
	GlobalSection(SolutionConfigurationPlatforms) = preSolution
		Debug|Any CPU = Debug|Any CPU
		Release|Any CPU = Release|Any CPU
	EndGlobalSection
	GlobalSection(ProjectConfigurationPlatforms) = postSolution
		{86E6934F-0690-4259-BCC9-BAAEA9FC6D44}.Debug|Any CPU.ActiveCfg = Debug|Any CPU
		{86E6934F-0690-4259-BCC9-BAAEA9FC6D44}.Debug|Any CPU.Build.0 = Debug|Any CPU
		{86E6934F-0690-4259-BCC9-BAAEA9FC6D44}.Release|Any CPU.ActiveCfg = Release|Any CPU
		{86E6934F-0690-4259-BCC9-BAAEA9FC6D44}.Release|Any CPU.Build.0 = Release|Any CPU
		{AF66E34E-5378-4A80-90D1-CF1F841C9CEC}.Debug|Any CPU.ActiveCfg = Debug|Any CPU
		{AF66E34E-5378-4A80-90D1-CF1F841C9CEC}.Debug|Any CPU.Build.0 = Debug|Any CPU
		{AF66E34E-5378-4A80-90D1-CF1F841C9CEC}.Release|Any CPU.ActiveCfg = Release|Any CPU
		{AF66E34E-5378-4A80-90D1-CF1F841C9CEC}.Release|Any CPU.Build.0 = Release|Any CPU
		{72BDCE5E-32D6-49F0-8F3D-15DADB3A368B}.Debug|Any CPU.ActiveCfg = Debug|Any CPU
		{72BDCE5E-32D6-49F0-8F3D-15DADB3A368B}.Debug|Any CPU.Build.0 = Debug|Any CPU
		{72BDCE5E-32D6-49F0-8F3D-15DADB3A368B}.Release|Any CPU.ActiveCfg = Release|Any CPU
		{72BDCE5E-32D6-49F0-8F3D-15DADB3A368B}.Release|Any CPU.Build.0 = Release|Any CPU
		{4EF1CCE4-AD30-4D7A-B9C6-0E917905AE50}.Debug|Any CPU.ActiveCfg = Debug|Any CPU
		{4EF1CCE4-AD30-4D7A-B9C6-0E917905AE50}.Debug|Any CPU.Build.0 = Debug|Any CPU
		{4EF1CCE4-AD30-4D7A-B9C6-0E917905AE50}.Release|Any CPU.ActiveCfg = Release|Any CPU
		{4EF1CCE4-AD30-4D7A-B9C6-0E917905AE50}.Release|Any CPU.Build.0 = Release|Any CPU
	EndGlobalSection
	GlobalSection(SolutionProperties) = preSolution
		HideSolutionNode = FALSE
	EndGlobalSection
	GlobalSection(ExtensibilityGlobals) = postSolution
		SolutionGuid = {C27C0C35-597F-42F6-809E-E3C80771B0FA}
	EndGlobalSection
EndGlobal
